
Microsoft Visual Studio Solution File, Format Version 12.00
# Visual Studio Version 17
VisualStudioVersion = 17.11.35312.102
MinimumVisualStudioVersion = 10.0.40219.1
Project("{FAE04EC0-301F-11D3-BF4B-00C04F79EFBC}") = "Rosculet_Cosmin_Laborator1", "Rosculet_Cosmin_Laborator1.csproj", "{672F99DA-7968-445D-882C-5B88F5AB513A}"
EndProject
Global
	GlobalSection(SolutionConfigurationPlatforms) = preSolution
		Debug|Any CPU = Debug|Any CPU
		Release|Any CPU = Release|Any CPU
	EndGlobalSection
	GlobalSection(ProjectConfigurationPlatforms) = postSolution
		{672F99DA-7968-445D-882C-5B88F5AB513A}.Debug|Any CPU.ActiveCfg = Debug|Any CPU
		{672F99DA-7968-445D-882C-5B88F5AB513A}.Debug|Any CPU.Build.0 = Debug|Any CPU
		{672F99DA-7968-445D-882C-5B88F5AB513A}.Release|Any CPU.ActiveCfg = Release|Any CPU
		{672F99DA-7968-445D-882C-5B88F5AB513A}.Release|Any CPU.Build.0 = Release|Any CPU
	EndGlobalSection
	GlobalSection(SolutionProperties) = preSolution
		HideSolutionNode = FALSE
	EndGlobalSection
	GlobalSection(ExtensibilityGlobals) = postSolution
		SolutionGuid = {843D3DCD-9858-4FBF-92F6-644EA62A63EE}
	EndGlobalSection
EndGlobal
